Microsoft Visual Studio Solution File, Format Version 12.00
# Visual Studio Version 17
VisualStudioVersion = 17.7.34031.279
MinimumVisualStudioVersion = 10.0.40219.1
Project("{FAE04EC0-301F-11D3-BF4B-00C04F79EFBC}") = "Temper", "Temper.csproj", "{10E55BD3-0991-48B3-ACFE-EEDC69465C14}"
EndProject
Global
	GlobalSection(SolutionConfigurationPlatforms) = preSolution
		Debug|Any CPU = Debug|Any CPU
		Release|Any CPU = Release|Any CPU
	EndGlobalSection
	GlobalSection(ProjectConfigurationPlatforms) = postSolution
		{10E55BD3-0991-48B3-ACFE-EEDC69465C14}.Debug|Any CPU.ActiveCfg = Debug|Any CPU
		{10E55BD3-0991-48B3-ACFE-EEDC69465C14}.Debug|Any CPU.Build.0 = Debug|Any CPU
		{10E55BD3-0991-48B3-ACFE-EEDC69465C14}.Release|Any CPU.ActiveCfg = Release|Any CPU
		{10E55BD3-0991-48B3-ACFE-EEDC69465C14}.Release|Any CPU.Build.0 = Release|Any CPU
	EndGlobalSection
	GlobalSection(SolutionProperties) = preSolution
		HideSolutionNode = FALSE
	EndGlobalSection
	GlobalSection(ExtensibilityGlobals) = postSolution
		SolutionGuid = {892633F6-9287-4795-94D6-23AAD791A39A}
	EndGlobalSection
EndGlobal
